# This file is automatically @generated by Cargo.
# It is not intended for manual editing.
version = 4

[[package]]
name = "buffers"
version = "0.1.0"
dependencies = [
 "core-types",
]

[[package]]
name = "core-types"
version = "0.1.0"

[[package]]
name = "native-capability"
version = "0.1.0"

[[package]]
name = "native-chunk"
version = "0.1.0"
dependencies = [
 "protocol",
]

[[package]]
name = "native-state-vnext"
version = "0.1.0"
dependencies = [
 "native-capability",
 "rustcraft-core",
]

[[package]]
name = "protocol"
version = "0.1.0"
dependencies = [
 "buffers",
 "core-types",
]

[[package]]
name = "rustcraft-core"
version = "0.1.0"

[[package]]
name = "section-packet-cache-experiment"
version = "0.1.0"
dependencies = [
 "native-chunk",
 "native-state-vnext",
 "rustcraft-core",
]
