# This file is automatically @generated by Cargo.
# It is not intended for manual editing.
version = 4

[[package]]
name = "buffers"
version = "0.1.0"
dependencies = [
 "core-types",
]

[[package]]
name = "chunk-packet"
version = "0.1.0"
dependencies = [
 "contracts",
 "core-types",
 "metrics",
]

[[package]]
name = "compression"
version = "0.1.0"
dependencies = [
 "buffers",
 "flate2",
]

[[package]]
name = "contracts"
version = "0.1.0"
dependencies = [
 "buffers",
 "core-types",
]

[[package]]
name = "core-types"
version = "0.1.0"

[[package]]
name = "ffi"
version = "0.1.0"
dependencies = [
 "chunk-packet",
 "compression",
 "contracts",
 "core-types",
 "metrics",
 "native-chunk",
 "spatial-index",
 "spawn-index",
 "worldgen-noise",
]

[[package]]
name = "flate2"
version = "1.1.10"
source = "registry+https://github.com/rust-lang/crates.io-index"
checksum = "6e634e2e0ebac1ee034020da1ca582e17ffe4e0f5e985823721e168928136dcb"
dependencies = [
 "zlib-rs",
]

[[package]]
name = "metrics"
version = "0.1.0"

[[package]]
name = "native-chunk"
version = "0.1.0"
dependencies = [
 "protocol",
]

[[package]]
name = "nbt"
version = "0.1.0"
dependencies = [
 "core-types",
]

[[package]]
name = "protocol"
version = "0.1.0"
dependencies = [
 "buffers",
 "core-types",
]

[[package]]
name = "region-io"
version = "0.1.0"
dependencies = [
 "core-types",
 "nbt",
]

[[package]]
name = "spatial-index"
version = "0.1.0"

[[package]]
name = "spawn-index"
version = "0.1.0"
dependencies = [
 "spatial-index",
]

[[package]]
name = "test-support"
version = "0.1.0"
dependencies = [
 "contracts",
 "core-types",
 "nbt",
]

[[package]]
name = "transport"
version = "0.1.0"
dependencies = [
 "buffers",
 "core-types",
]

[[package]]
name = "worldgen-noise"
version = "0.1.0"

[[package]]
name = "zlib-rs"
version = "0.6.8"
source = "registry+https://github.com/rust-lang/crates.io-index"
checksum = "b268e58e7c693d7c271f93ffc4ba3b380412554231c85bf61ca7af91042a4112"
